
Microsoft Visual Studio Solution File, Format Version 12.00
# Visual Studio Version 17
VisualStudioVersion = 17.1.32328.378
MinimumVisualStudioVersion = 10.0.40219.1
Project("{9A19103F-16F7-4668-BE54-9A1E7A4F7556}") = "Aula_Alura_Variaveis", "Aula_Alura_Variaveis\Aula_Alura_Variaveis.csproj", "{3879BBD3-6101-40D4-BFF5-D21F9CBC00D5}"
EndProject
Project("{9A19103F-16F7-4668-BE54-9A1E7A4F7556}") = "02-ByteBank", "02-ByteBank\02-ByteBank.csproj", "{6247C70D-F285-47FA-9908-26E11BC8E88E}"
EndProject
Project("{9A19103F-16F7-4668-BE54-9A1E7A4F7556}") = "ByteBank", "ByteBank\ByteBank.csproj", "{29755BC1-8798-4B6A-9691-7ED713F66B64}"
EndProject
Project("{FAE04EC0-301F-11D3-BF4B-00C04F79EFBC}") = "Aula_ByteBank", "Aula_ByteBank\Aula_ByteBank.csproj", "{F5F1AA2D-9219-4917-8E0A-BF6269A32DBB}"
EndProject
Global
	GlobalSection(SolutionConfigurationPlatforms) = preSolution
		Debug|Any CPU = Debug|Any CPU
		Release|Any CPU = Release|Any CPU
	EndGlobalSection
	GlobalSection(ProjectConfigurationPlatforms) = postSolution
		{3879BBD3-6101-40D4-BFF5-D21F9CBC00D5}.Debug|Any CPU.ActiveCfg = Debug|Any CPU
		{3879BBD3-6101-40D4-BFF5-D21F9CBC00D5}.Debug|Any CPU.Build.0 = Debug|Any CPU
		{3879BBD3-6101-40D4-BFF5-D21F9CBC00D5}.Release|Any CPU.ActiveCfg = Release|Any CPU
		{3879BBD3-6101-40D4-BFF5-D21F9CBC00D5}.Release|Any CPU.Build.0 = Release|Any CPU
		{6247C70D-F285-47FA-9908-26E11BC8E88E}.Debug|Any CPU.ActiveCfg = Debug|Any CPU
		{6247C70D-F285-47FA-9908-26E11BC8E88E}.Debug|Any CPU.Build.0 = Debug|Any CPU
		{6247C70D-F285-47FA-9908-26E11BC8E88E}.Release|Any CPU.ActiveCfg = Release|Any CPU
		{6247C70D-F285-47FA-9908-26E11BC8E88E}.Release|Any CPU.Build.0 = Release|Any CPU
		{29755BC1-8798-4B6A-9691-7ED713F66B64}.Debug|Any CPU.ActiveCfg = Debug|Any CPU
		{29755BC1-8798-4B6A-9691-7ED713F66B64}.Debug|Any CPU.Build.0 = Debug|Any CPU
		{29755BC1-8798-4B6A-9691-7ED713F66B64}.Release|Any CPU.ActiveCfg = Release|Any CPU
		{29755BC1-8798-4B6A-9691-7ED713F66B64}.Release|Any CPU.Build.0 = Release|Any CPU
		{F5F1AA2D-9219-4917-8E0A-BF6269A32DBB}.Debug|Any CPU.ActiveCfg = Debug|Any CPU
		{F5F1AA2D-9219-4917-8E0A-BF6269A32DBB}.Debug|Any CPU.Build.0 = Debug|Any CPU
		{F5F1AA2D-9219-4917-8E0A-BF6269A32DBB}.Release|Any CPU.ActiveCfg = Release|Any CPU
		{F5F1AA2D-9219-4917-8E0A-BF6269A32DBB}.Release|Any CPU.Build.0 = Release|Any CPU
	EndGlobalSection
	GlobalSection(SolutionProperties) = preSolution
		HideSolutionNode = FALSE
	EndGlobalSection
	GlobalSection(ExtensibilityGlobals) = postSolution
		SolutionGuid = {56695BB1-64F0-4906-ADEE-6EB432F9A644}
	EndGlobalSection
EndGlobal
